# THIS IS AN AUTOGENERATED FILE. DO NOT EDIT THIS FILE DIRECTLY.
# yarn lockfile v1


"@formio/appserver-types@^2.0.0-dev.4":
  version "2.0.0-dev.4"
  resolved "https://registry.npmjs.org/@formio/appserver-types/-/appserver-types-2.0.0-dev.4.tgz#ecded970b170bf57200f41f33ce4fe42f0d4cc96"
  integrity sha512-rQP52NsY9yaNOEWqEv7vQXCzXdTjLHnTZ1oLi7z3uY4ySH01HBWmxiyWvn6MO4ITNmacpio4RlWPtBqY19tEFQ==
  dependencies:
    "@formio/core" "^2.0.0-rc.18"

"@formio/core@^2.0.0-rc.18":
  version "2.0.0-rc.18"
  resolved "https://registry.npmjs.org/@formio/core/-/core-2.0.0-rc.18.tgz#14cea364d39854023b02dc59f2d0b8adafeef70b"
  integrity sha512-MwKt9RVrnNwjtHbmAOTYC2jlrV6R5BKCOfnKTpoujhO8l+Dlfh3g7fr2WSVTCu8J0VfelgJbI0f+Yk4ayXGYLQ==
  dependencies:
    "@types/json-logic-js" "^2.0.5"
    browser-cookies "^1.2.0"
    core-js "^3.33.2"
    dayjs "^1.11.10"
    dompurify "^3.0.6"
    eventemitter3 "^5.0.0"
    fast-json-patch "^3.1.1"
    fetch-ponyfill "^7.1.0"
    inputmask "^5.0.9-beta.45"
    json-logic-js "^2.0.2"
    lodash "^4.17.21"
    moment "^2.29.4"

"@mongodb-js/saslprep@^1.1.5":
  version "1.1.5"
  resolved "https://registry.npmjs.org/@mongodb-js/saslprep/-/saslprep-1.1.5.tgz#0c48a96c8d799e81fae311b7251aa5c1dc7c6e95"
  integrity sha512-XLNOMH66KhJzUJNwT/qlMnS4WsNDWD5ASdyaSH3EtK+F4r/CFGa3jT4GNi4mfOitGvWXtdLgQJkQjxSVrio+jA==
  dependencies:
    sparse-bitfield "^3.0.3"

"@types/json-logic-js@^2.0.5":
  version "2.0.6"
  resolved "https://registry.npmjs.org/@types/json-logic-js/-/json-logic-js-2.0.6.tgz#ceb090bcaf7ec4d5c7c4c3b5225cf53733e76624"
  integrity sha512-X8f94UmgbRE9kRs83J/Jf+fndEVbBGuZLIeLHBOKYGxAX2g8dMAV41RqwkvoMdybRZ3vZoHEdnMnF8VPiP0OOA==

"@types/webidl-conversions@*":
  version "7.0.0"
  resolved "https://registry.npmjs.org/@types/webidl-conversions/-/webidl-conversions-7.0.0.tgz#2b8e60e33906459219aa587e9d1a612ae994cfe7"
  integrity sha512-xTE1E+YF4aWPJJeUzaZI5DRntlkY3+BCVJi0axFptnjGmAoWxkyREIh/XMrfxVLejwQxMCfDXdICo0VLxThrog==

"@types/whatwg-url@^11.0.2":
  version "11.0.4"
  resolved "https://registry.npmjs.org/@types/whatwg-url/-/whatwg-url-11.0.4.tgz#ffed0dc8d89d91f62e3f368fcbda222a487c4f63"
  integrity sha512-lXCmTWSHJvf0TRSO58nm978b8HJ/EdsSsEKLd3ODHFjo+3VGAyyTp4v50nWvwtzBxSMQrVOK7tcuN0zGPLICMw==
  dependencies:
    "@types/webidl-conversions" "*"

browser-cookies@^1.2.0:
  version "1.2.0"
  resolved "https://registry.npmjs.org/browser-cookies/-/browser-cookies-1.2.0.tgz#fca3ffb9b6a63aadc4d8c0999c6b57d0fa7d29b5"
  integrity sha512-cg2WuoOJo+F+g2XjEaP8nmeRp1vDHjt7sqpKJMsTNXKrpyIBNVslYJeehvs6FEddj8usV2+qyRSBEX244yN5/g==

bson@^6.4.0:
  version "6.4.0"
  resolved "https://registry.npmjs.org/bson/-/bson-6.4.0.tgz#99c2e37b515e6766ce8b5929e01fa79de5767d50"
  integrity sha512-6/gSSEdbkuFlSb+ufj5jUSU4+wo8xQOwm2bDSqwmxiPE17JTpsP63eAwoN8iF8Oy4gJYj+PAL3zdRCTdaw5Y1g==

core-js@^3.33.2:
  version "3.35.1"
  resolved "https://registry.npmjs.org/core-js/-/core-js-3.35.1.tgz#9c28f8b7ccee482796f8590cc8d15739eaaf980c"
  integrity sha512-IgdsbxNyMskrTFxa9lWHyMwAJU5gXOPP+1yO+K59d50VLVAIDAbs7gIv705KzALModfK3ZrSZTPNpC0PQgIZuw==

dayjs@^1.11.10:
  version "1.11.10"
  resolved "https://registry.npmjs.org/dayjs/-/dayjs-1.11.10.tgz#68acea85317a6e164457d6d6947564029a6a16a0"
  integrity sha512-vjAczensTgRcqDERK0SR2XMwsF/tSvnvlv6VcF2GIhg6Sx4yOIt/irsr1RDJsKiIyBzJDpCoXiWWq28MqH2cnQ==

debug@^4.3.4:
  version "4.3.4"
  resolved "https://registry.npmjs.org/debug/-/debug-4.3.4.tgz#1319f6579357f2338d3337d2cdd4914bb5dcc865"
  integrity sha512-PRWFHuSU3eDtQJPvnNY7Jcket1j0t5OuOsFzPPzsekD52Zl8qUfFIPEiswXqIvHWGVHOgX+7G/vCNNhehwxfkQ==
  dependencies:
    ms "2.1.2"

dompurify@^3.0.6:
  version "3.0.8"
  resolved "https://registry.npmjs.org/dompurify/-/dompurify-3.0.8.tgz#e0021ab1b09184bc8af7e35c7dd9063f43a8a437"
  integrity sha512-b7uwreMYL2eZhrSCRC4ahLTeZcPZxSmYfmcQGXGkXiZSNW1X85v+SDM5KsWcpivIiUBH47Ji7NtyUdpLeF5JZQ==

eventemitter3@^5.0.0:
  version "5.0.1"
  resolved "https://registry.npmjs.org/eventemitter3/-/eventemitter3-5.0.1.tgz#53f5ffd0a492ac800721bb42c66b841de96423c4"
  integrity sha512-GWkBvjiSZK87ELrYOSESUYeVIc9mvLLf/nXalMOS5dYrgZq9o5OVkbZAVM06CVxYsCwH9BDZFPlQTlPA1j4ahA==

fast-json-patch@^3.1.1:
  version "3.1.1"
  resolved "https://registry.npmjs.org/fast-json-patch/-/fast-json-patch-3.1.1.tgz#85064ea1b1ebf97a3f7ad01e23f9337e72c66947"
  integrity sha512-vf6IHUX2SBcA+5/+4883dsIjpBTqmfBjmYiWK1savxQmFk4JfBMLa7ynTYOs1Rolp/T1betJxHiGD3g1Mn8lUQ==

fetch-ponyfill@^7.1.0:
  version "7.1.0"
  resolved "https://registry.npmjs.org/fetch-ponyfill/-/fetch-ponyfill-7.1.0.tgz#4266ed48b4e64663a50ab7f7fcb8e76f990526d0"
  integrity sha512-FhbbL55dj/qdVO3YNK7ZEkshvj3eQ7EuIGV2I6ic/2YiocvyWv+7jg2s4AyS0wdRU75s3tA8ZxI/xPigb0v5Aw==
  dependencies:
    node-fetch "~2.6.1"

inputmask@^5.0.9-beta.45:
  version "5.0.9-beta.45"
  resolved "https://registry.npmjs.org/inputmask/-/inputmask-5.0.9-beta.45.tgz#2699ebfd1e99f572815fb8f2ac23c548198f9ec6"
  integrity sha512-Nh6RHifykvEfPvnpCiwEER8LcDTAWvWKWUnVsRjqOyutGwAdjFuucCDI3YAm8tTVmhsmAydqEs+ORwllkN7Pfw==

json-logic-js@^2.0.2:
  version "2.0.2"
  resolved "https://registry.npmjs.org/json-logic-js/-/json-logic-js-2.0.2.tgz#b613e095f5e598cb78f7b9a2bbf638e74cf98158"
  integrity sha512-ZBtBdMJieqQcH7IX/LaBsr5pX+Y5JIW+EhejtM3Ffg2jdN9Iwf+Ht6TbHnvAZ/YtwyuhPaCBlnvzrwVeWdvGDQ==

lodash@^4.17.21:
  version "4.17.21"
  resolved "https://registry.npmjs.org/lodash/-/lodash-4.17.21.tgz#679591c564c3bffaae8454cf0b3df370c3d6911c"
  integrity sha512-v2kDEe57lecTulaDIuNTPy3Ry4gLGJ6Z1O3vE1krgXZNrsQ+LFTGHVxVjcXPs17LhbZVGedAJv8XZ1tvj5FvSg==

memory-pager@^1.0.2:
  version "1.5.0"
  resolved "https://registry.npmjs.org/memory-pager/-/memory-pager-1.5.0.tgz#d8751655d22d384682741c972f2c3d6dfa3e66b5"
  integrity sha512-ZS4Bp4r/Zoeq6+NLJpP+0Zzm0pR8whtGPf1XExKLJBAczGMnSi3It14OiNCStjQjM6NU1okjQGSxgEZN8eBYKg==

moment@^2.29.4:
  version "2.30.1"
  resolved "https://registry.npmjs.org/moment/-/moment-2.30.1.tgz#f8c91c07b7a786e30c59926df530b4eac96974ae"
  integrity sha512-uEmtNhbDOrWPFS+hdjFCBfy9f2YoyzRpwcl+DqpC6taX21FzsTLQVbMV/W7PzNSX6x/bhC1zA3c2UQ5NzH6how==

mongodb-connection-string-url@^3.0.0:
  version "3.0.0"
  resolved "https://registry.npmjs.org/mongodb-connection-string-url/-/mongodb-connection-string-url-3.0.0.tgz#b4f87f92fd8593f3b9365f592515a06d304a1e9c"
  integrity sha512-t1Vf+m1I5hC2M5RJx/7AtxgABy1cZmIPQRMXw+gEIPn/cZNF3Oiy+l0UIypUwVB5trcWHq3crg2g3uAR9aAwsQ==
  dependencies:
    "@types/whatwg-url" "^11.0.2"
    whatwg-url "^13.0.0"

mongodb@^6.5.0:
  version "6.5.0"
  resolved "https://registry.npmjs.org/mongodb/-/mongodb-6.5.0.tgz#3735b4fba085b26ca06f7744e9639bc538e93d87"
  integrity sha512-Fozq68InT+JKABGLqctgtb8P56pRrJFkbhW0ux+x1mdHeyinor8oNzJqwLjV/t5X5nJGfTlluxfyMnOXNggIUA==
  dependencies:
    "@mongodb-js/saslprep" "^1.1.5"
    bson "^6.4.0"
    mongodb-connection-string-url "^3.0.0"

ms@2.1.2:
  version "2.1.2"
  resolved "https://registry.npmjs.org/ms/-/ms-2.1.2.tgz#d09d1f357b443f493382a8eb3ccd183872ae6009"
  integrity sha512-sGkPx+VjMtmA6MX27oA4FBFELFCZZ4S4XqeGOXCv68tT+jb3vk/RyaKWP0PTKyWtmLSM0b+adUTEvbs1PEaH2w==

node-fetch@~2.6.1:
  version "2.6.13"
  resolved "https://registry.npmjs.org/node-fetch/-/node-fetch-2.6.13.tgz#a20acbbec73c2e09f9007de5cda17104122e0010"
  integrity sha512-StxNAxh15zr77QvvkmveSQ8uCQ4+v5FkvNTj0OESmiHu+VRi/gXArXtkWMElOsOUNLtUEvI4yS+rdtOHZTwlQA==
  dependencies:
    whatwg-url "^5.0.0"

punycode@^2.3.0:
  version "2.3.1"
  resolved "https://registry.npmjs.org/punycode/-/punycode-2.3.1.tgz#027422e2faec0b25e1549c3e1bd8309b9133b6e5"
  integrity sha512-vYt7UD1U9Wg6138shLtLOvdAu+8DsC/ilFtEVHcH+wydcSpNE20AfSOduf6MkRFahL5FY7X1oU7nKVZFtfq8Fg==

sparse-bitfield@^3.0.3:
  version "3.0.3"
  resolved "https://registry.npmjs.org/sparse-bitfield/-/sparse-bitfield-3.0.3.tgz#ff4ae6e68656056ba4b3e792ab3334d38273ca11"
  integrity sha512-kvzhi7vqKTfkh0PZU+2D2PIllw2ymqJKujUcyPMd9Y75Nv4nPbGJZXNhxsgdQab2BmlDct1YnfQCguEvHr7VsQ==
  dependencies:
    memory-pager "^1.0.2"

tr46@^4.1.1:
  version "4.1.1"
  resolved "https://registry.npmjs.org/tr46/-/tr46-4.1.1.tgz#281a758dcc82aeb4fe38c7dfe4d11a395aac8469"
  integrity sha512-2lv/66T7e5yNyhAAC4NaKe5nVavzuGJQVVtRYLyQ2OI8tsJ61PMLlelehb0wi2Hx6+hT/OJUWZcw8MjlSRnxvw==
  dependencies:
    punycode "^2.3.0"

tr46@~0.0.3:
  version "0.0.3"
  resolved "https://registry.npmjs.org/tr46/-/tr46-0.0.3.tgz#8184fd347dac9cdc185992f3a6622e14b9d9ab6a"
  integrity sha512-N3WMsuqV66lT30CrXNbEjx4GEwlow3v6rr4mCcv6prnfwhS01rkgyFdjPNBYd9br7LpXV1+Emh01fHnq2Gdgrw==

typescript@^5.4.2:
  version "5.4.2"
  resolved "https://registry.npmjs.org/typescript/-/typescript-5.4.2.tgz#0ae9cebcfae970718474fe0da2c090cad6577372"
  integrity sha512-+2/g0Fds1ERlP6JsakQQDXjZdZMM+rqpamFZJEKh4kwTIn3iDkgKtby0CeNd5ATNZ4Ry1ax15TMx0W2V+miizQ==

webidl-conversions@^3.0.0:
  version "3.0.1"
  resolved "https://registry.npmjs.org/webidl-conversions/-/webidl-conversions-3.0.1.tgz#24534275e2a7bc6be7bc86611cc16ae0a5654871"
  integrity sha512-2JAn3z8AR6rjK8Sm8orRC0h/bcl/DqL7tRPdGZ4I1CjdF+EaMLmYxBHyXuKL849eucPFhvBoxMsflfOb8kxaeQ==

webidl-conversions@^7.0.0:
  version "7.0.0"
  resolved "https://registry.npmjs.org/webidl-conversions/-/webidl-conversions-7.0.0.tgz#256b4e1882be7debbf01d05f0aa2039778ea080a"
  integrity sha512-VwddBukDzu71offAQR975unBIGqfKZpM+8ZX6ySk8nYhVoo5CYaZyzt3YBvYtRtO+aoGlqxPg/B87NGVZ/fu6g==

whatwg-url@^13.0.0:
  version "13.0.0"
  resolved "https://registry.npmjs.org/whatwg-url/-/whatwg-url-13.0.0.tgz#b7b536aca48306394a34e44bda8e99f332410f8f"
  integrity sha512-9WWbymnqj57+XEuqADHrCJ2eSXzn8WXIW/YSGaZtb2WKAInQ6CHfaUUcTyyver0p8BDg5StLQq8h1vtZuwmOig==
  dependencies:
    tr46 "^4.1.1"
    webidl-conversions "^7.0.0"

whatwg-url@^5.0.0:
  version "5.0.0"
  resolved "https://registry.npmjs.org/whatwg-url/-/whatwg-url-5.0.0.tgz#966454e8765462e37644d3626f6742ce8b70965d"
  integrity sha512-saE57nupxk6v3HY35+jzBwYa0rKSy0XR8JSxZPwgLr7ys0IBzhGviA1/TUGJLmSVqs8pb9AnvICXEuOHLprYTw==
  dependencies:
    tr46 "~0.0.3"
    webidl-conversions "^3.0.0"
